
Microsoft Visual Studio Solution File, Format Version 12.00
# Visual Studio Version 17
VisualStudioVersion = 17.0.32112.339
MinimumVisualStudioVersion = 10.0.40219.1
Project("{FAE04EC0-301F-11D3-BF4B-00C04F79EFBC}") = "dotNET-module-10-Practice", "dotNet-Module-10-Practice\dotNET-module-10-Practice.csproj", "{17E24F31-27A0-430D-910D-C895DFB4F7C9}"
EndProject
Project("{FAE04EC0-301F-11D3-BF4B-00C04F79EFBC}") = "ConsoleApp1", "ConsoleApp1\ConsoleApp1.csproj", "{B5B40677-0DFA-4C29-A700-9F340063A97B}"
EndProject
Global
	GlobalSection(SolutionConfigurationPlatforms) = preSolution
		Debug|Any CPU = Debug|Any CPU
		Release|Any CPU = Release|Any CPU
	EndGlobalSection
	GlobalSection(ProjectConfigurationPlatforms) = postSolution
		{17E24F31-27A0-430D-910D-C895DFB4F7C9}.Debug|Any CPU.ActiveCfg = Debug|Any CPU
		{17E24F31-27A0-430D-910D-C895DFB4F7C9}.Debug|Any CPU.Build.0 = Debug|Any CPU
		{17E24F31-27A0-430D-910D-C895DFB4F7C9}.Release|Any CPU.ActiveCfg = Release|Any CPU
		{17E24F31-27A0-430D-910D-C895DFB4F7C9}.Release|Any CPU.Build.0 = Release|Any CPU
		{B5B40677-0DFA-4C29-A700-9F340063A97B}.Debug|Any CPU.ActiveCfg = Debug|Any CPU
		{B5B40677-0DFA-4C29-A700-9F340063A97B}.Debug|Any CPU.Build.0 = Debug|Any CPU
		{B5B40677-0DFA-4C29-A700-9F340063A97B}.Release|Any CPU.ActiveCfg = Release|Any CPU
		{B5B40677-0DFA-4C29-A700-9F340063A97B}.Release|Any CPU.Build.0 = Release|Any CPU
	EndGlobalSection
	GlobalSection(SolutionProperties) = preSolution
		HideSolutionNode = FALSE
	EndGlobalSection
	GlobalSection(ExtensibilityGlobals) = postSolution
		SolutionGuid = {CBEC4C62-C430-4E7F-B4EC-3B85EA35CA7C}
	EndGlobalSection
EndGlobal
